
Microsoft Visual Studio Solution File, Format Version 12.00
# Visual Studio Version 17
VisualStudioVersion = 17.8.34330.188
MinimumVisualStudioVersion = 10.0.40219.1
Project("{FAE04EC0-301F-11D3-BF4B-00C04F79EFBC}") = "teste", "teste\teste.csproj", "{BFC82964-8B0A-45A3-BB50-B623A7E259F8}"
EndProject
Global
	GlobalSection(SolutionConfigurationPlatforms) = preSolution
		Debug|Any CPU = Debug|Any CPU
		Release|Any CPU = Release|Any CPU
	EndGlobalSection
	GlobalSection(ProjectConfigurationPlatforms) = postSolution
		{BFC82964-8B0A-45A3-BB50-B623A7E259F8}.Debug|Any CPU.ActiveCfg = Debug|Any CPU
		{BFC82964-8B0A-45A3-BB50-B623A7E259F8}.Debug|Any CPU.Build.0 = Debug|Any CPU
		{BFC82964-8B0A-45A3-BB50-B623A7E259F8}.Release|Any CPU.ActiveCfg = Release|Any CPU
		{BFC82964-8B0A-45A3-BB50-B623A7E259F8}.Release|Any CPU.Build.0 = Release|Any CPU
	EndGlobalSection
	GlobalSection(SolutionProperties) = preSolution
		HideSolutionNode = FALSE
	EndGlobalSection
	GlobalSection(ExtensibilityGlobals) = postSolution
		SolutionGuid = {0FBA4E4F-27C3-45E2-B7F2-C5299D6F3B1C}
	EndGlobalSection
EndGlobal
