
Microsoft Visual Studio Solution File, Format Version 12.00
# Visual Studio Version 17
VisualStudioVersion = 17.8.34330.188
MinimumVisualStudioVersion = 10.0.40219.1
Project("{FAE04EC0-301F-11D3-BF4B-00C04F79EFBC}") = "Ex6", "Enumeração\Ex6.csproj", "{3C520DFC-4E30-4EB4-B168-DC2ACF479B05}"
EndProject
Global
	GlobalSection(SolutionConfigurationPlatforms) = preSolution
		Debug|Any CPU = Debug|Any CPU
		Release|Any CPU = Release|Any CPU
	EndGlobalSection
	GlobalSection(ProjectConfigurationPlatforms) = postSolution
		{3C520DFC-4E30-4EB4-B168-DC2ACF479B05}.Debug|Any CPU.ActiveCfg = Debug|Any CPU
		{3C520DFC-4E30-4EB4-B168-DC2ACF479B05}.Debug|Any CPU.Build.0 = Debug|Any CPU
		{3C520DFC-4E30-4EB4-B168-DC2ACF479B05}.Release|Any CPU.ActiveCfg = Release|Any CPU
		{3C520DFC-4E30-4EB4-B168-DC2ACF479B05}.Release|Any CPU.Build.0 = Release|Any CPU
	EndGlobalSection
	GlobalSection(SolutionProperties) = preSolution
		HideSolutionNode = FALSE
	EndGlobalSection
	GlobalSection(ExtensibilityGlobals) = postSolution
		SolutionGuid = {5A8DC80A-3444-4028-A185-A7BA475680FC}
	EndGlobalSection
EndGlobal
